// !$*UTF8*$!
{
	archiveVersion = 1;
	classes = {
	};
	objectVersion = 46;
	objects = {

/* Begin PBXBuildFile section */
		612542501B69A2B000BF75A7 /* Scores.m in Sources */ = {isa = PBXBuildFile; fileRef = 6125424F1B69A2B000BF75A7 /* Scores.m */; };
		6153F8551B76665B00F51543 /* TextLabelTableViewCell.m in Sources */ = {isa = PBXBuildFile; fileRef = 6153F8541B76665B00F51543 /* TextLabelTableViewCell.m */; };
		617851691B7D775900A3AA2B /* Question.m in Sources */ = {isa = PBXBuildFile; fileRef = 617851681B7D775900A3AA2B /* Question.m */; };
		61831A481B6AECA900D2B506 /* flag.jpg in Resources */ = {isa = PBXBuildFile; fileRef = 61831A471B6AECA900D2B506 /* flag.jpg */; };
		61831A4B1B6C4B2E00D2B506 /* WrongAnswerViewController.m in Sources */ = {isa = PBXBuildFile; fileRef = 61831A4A1B6C4B2E00D2B506 /* WrongAnswerViewController.m */; };
		61831A4E1B6C922600D2B506 /* QuestionController.m in Sources */ = {isa = PBXBuildFile; fileRef = 61831A4D1B6C922600D2B506 /* QuestionController.m */; };
		618387E91B5896B100DADA6D /* main.m in Sources */ = {isa = PBXBuildFile; fileRef = 618387E81B5896B100DADA6D /* main.m */; };
		618387EC1B5896B100DADA6D /* AppDelegate.m in Sources */ = {isa = PBXBuildFile; fileRef = 618387EB1B5896B100DADA6D /* AppDelegate.m */; };
		618387EF1B5896B100DADA6D /* WelcomeViewController.m in Sources */ = {isa = PBXBuildFile; fileRef = 618387EE1B5896B100DADA6D /* WelcomeViewController.m */; };
		618387F21B5896B100DADA6D /* StudyViewController.m in Sources */ = {isa = PBXBuildFile; fileRef = 618387F11B5896B100DADA6D /* StudyViewController.m */; };
		618387F51B5896B100DADA6D /* Main.storyboard in Resources */ = {isa = PBXBuildFile; fileRef = 618387F31B5896B100DADA6D /* Main.storyboard */; };
		618387F71B5896B100DADA6D /* Images.xcassets in Resources */ = {isa = PBXBuildFile; fileRef = 618387F61B5896B100DADA6D /* Images.xcassets */; };
		618387FA1B5896B100DADA6D /* LaunchScreen.xib in Resources */ = {isa = PBXBuildFile; fileRef = 618387F81B5896B100DADA6D /* LaunchScreen.xib */; };
		618388061B5896B100DADA6D /* NaturalizeMETests.m in Sources */ = {isa = PBXBuildFile; fileRef = 618388051B5896B100DADA6D /* NaturalizeMETests.m */; };
		6183881D1B589A6C00DADA6D /* ScoreViewController.m in Sources */ = {isa = PBXBuildFile; fileRef = 6183881C1B589A6C00DADA6D /* ScoreViewController.m */; };
		618388231B589A8F00DADA6D /* AnswerStudyViewController.m in Sources */ = {isa = PBXBuildFile; fileRef = 618388221B589A8F00DADA6D /* AnswerStudyViewController.m */; };
		618388261B589AA200DADA6D /* QuestionViewController.m in Sources */ = {isa = PBXBuildFile; fileRef = 618388251B589AA200DADA6D /* QuestionViewController.m */; };
		618388291B589AB400DADA6D /* ScoreHistoryViewController.m in Sources */ = {isa = PBXBuildFile; fileRef = 618388281B589AB400DADA6D /* ScoreHistoryViewController.m */; };
		6183882C1B589D8000DADA6D /* ManualSetupViewController.m in Sources */ = {isa = PBXBuildFile; fileRef = 6183882B1B589D8000DADA6D /* ManualSetupViewController.m */; };
		618388381B589FB800DADA6D /* QuestionTemplateController.m in Sources */ = {isa = PBXBuildFile; fileRef = 618388371B589FB800DADA6D /* QuestionTemplateController.m */; };
		61A371901B64AB8B0088BBED /* SetupController.m in Sources */ = {isa = PBXBuildFile; fileRef = 61A3718F1B64AB8B0088BBED /* SetupController.m */; };
		61A371931B64B03A0088BBED /* SetupInfo.m in Sources */ = {isa = PBXBuildFile; fileRef = 61A371921B64B03A0088BBED /* SetupInfo.m */; };
		61AE61F81B5F381D000CC6BD /* Model.xcdatamodeld in Sources */ = {isa = PBXBuildFile; fileRef = 61AE61F61B5F381D000CC6BD /* Model.xcdatamodeld */; };
		61AE61FE1B5F3C35000CC6BD /* Stack.m in Sources */ = {isa = PBXBuildFile; fileRef = 61AE61FD1B5F3C35000CC6BD /* Stack.m */; };
		61AE62011B5F3CB0000CC6BD /* ScoreController.m in Sources */ = {isa = PBXBuildFile; fileRef = 61AE62001B5F3CB0000CC6BD /* ScoreController.m */; };
		61D0C50F1B74803B00E22060 /* SetupViewController.m in Sources */ = {isa = PBXBuildFile; fileRef = 61D0C50E1B74803B00E22060 /* SetupViewController.m */; };
/* End PBXBuildFile section */

/* Begin PBXContainerItemProxy section */
		618388001B5896B100DADA6D /* PBXContainerItemProxy */ = {
			isa = PBXContainerItemProxy;
			containerPortal = 618387DB1B5896B100DADA6D /* Project object */;
			proxyType = 1;
			remoteGlobalIDString = 618387E21B5896B100DADA6D;
			remoteInfo = NaturalizeME;
		};
/* End PBXContainerItemProxy section */

/* Begin PBXFileReference section */
		6125424E1B69A2B000BF75A7 /* Scores.h */ = {isa = PBXFileReference; fileEncoding = 4; lastKnownFileType = sourcecode.c.h; path = Scores.h; sourceTree = "<group>"; };
		6125424F1B69A2B000BF75A7 /* Scores.m */ = {isa = PBXFileReference; fileEncoding = 4; lastKnownFileType = sourcecode.c.objc; path = Scores.m; sourceTree = "<group>"; };
		6153F8531B76665B00F51543 /* TextLabelTableViewCell.h */ = {isa = PBXFileReference; fileEncoding = 4; lastKnownFileType = sourcecode.c.h; name = TextLabelTableViewCell.h; path = ../TextLabelTableViewCell.h; sourceTree = "<group>"; };
		6153F8541B76665B00F51543 /* TextLabelTableViewCell.m */ = {isa = PBXFileReference; fileEncoding = 4; lastKnownFileType = sourcecode.c.objc; name = TextLabelTableViewCell.m; path = ../TextLabelTableViewCell.m; sourceTree = "<group>"; };
		617851671B7D775900A3AA2B /* Question.h */ = {isa = PBXFileReference; fileEncoding = 4; lastKnownFileType = sourcecode.c.h; path = Question.h; sourceTree = "<group>"; };
		617851681B7D775900A3AA2B /* Question.m */ = {isa = PBXFileReference; fileEncoding = 4; lastKnownFileType = sourcecode.c.objc; path = Question.m; sourceTree = "<group>"; };
		61831A471B6AECA900D2B506 /* flag.jpg */ = {isa = PBXFileReference; lastKnownFileType = image.jpeg; path = flag.jpg; sourceTree = "<group>"; };
		61831A491B6C4B2E00D2B506 /* WrongAnswerViewController.h */ = {isa = PBXFileReference; fileEncoding = 4; lastKnownFileType = sourcecode.c.h; path = WrongAnswerViewController.h; sourceTree = "<group>"; };
		61831A4A1B6C4B2E00D2B506 /* WrongAnswerViewController.m */ = {isa = PBXFileReference; fileEncoding = 4; lastKnownFileType = sourcecode.c.objc; path = WrongAnswerViewController.m; sourceTree = "<group>"; };
		61831A4C1B6C922600D2B506 /* QuestionController.h */ = {isa = PBXFileReference; fileEncoding = 4; lastKnownFileType = sourcecode.c.h; path = QuestionController.h; sourceTree = "<group>"; };
		61831A4D1B6C922600D2B506 /* QuestionController.m */ = {isa = PBXFileReference; fileEncoding = 4; lastKnownFileType = sourcecode.c.objc; path = QuestionController.m; sourceTree = "<group>"; };
		618387E31B5896B100DADA6D /* NaturalizeME.app */ = {isa = PBXFileReference; explicitFileType = wrapper.application; includeInIndex = 0; path = NaturalizeME.app; sourceTree = BUILT_PRODUCTS_DIR; };
		618387E71B5896B100DADA6D /* Info.plist */ = {isa = PBXFileReference; lastKnownFileType = text.plist.xml; path = Info.plist; sourceTree = "<group>"; };
		618387E81B5896B100DADA6D /* main.m */ = {isa = PBXFileReference; lastKnownFileType = sourcecode.c.objc; path = main.m; sourceTree = "<group>"; };
		618387EA1B5896B100DADA6D /* AppDelegate.h */ = {isa = PBXFileReference; lastKnownFileType = sourcecode.c.h; path = AppDelegate.h; sourceTree = "<group>"; };
		618387EB1B5896B100DADA6D /* AppDelegate.m */ = {isa = PBXFileReference; lastKnownFileType = sourcecode.c.objc; path = AppDelegate.m; sourceTree = "<group>"; };
		618387ED1B5896B100DADA6D /* WelcomeViewController.h */ = {isa = PBXFileReference; lastKnownFileType = sourcecode.c.h; path = WelcomeViewController.h; sourceTree = "<group>"; };
		618387EE1B5896B100DADA6D /* WelcomeViewController.m */ = {isa = PBXFileReference; lastKnownFileType = sourcecode.c.objc; path = WelcomeViewController.m; sourceTree = "<group>"; };
		618387F01B5896B100DADA6D /* StudyViewController.h */ = {isa = PBXFileReference; lastKnownFileType = sourcecode.c.h; path = StudyViewController.h; sourceTree = "<group>"; };
		618387F11B5896B100DADA6D /* StudyViewController.m */ = {isa = PBXFileReference; lastKnownFileType = sourcecode.c.objc; path = StudyViewController.m; sourceTree = "<group>"; };
		618387F41B5896B100DADA6D /* Base */ = {isa = PBXFileReference; lastKnownFileType = file.storyboard; name = Base; path = Base.lproj/Main.storyboard; sourceTree = "<group>"; };
		618387F61B5896B100DADA6D /* Images.xcassets */ = {isa = PBXFileReference; lastKnownFileType = folder.assetcatalog; path = Images.xcassets; sourceTree = "<group>"; };
		618387F91B5896B100DADA6D /* Base */ = {isa = PBXFileReference; lastKnownFileType = file.xib; name = Base; path = Base.lproj/LaunchScreen.xib; sourceTree = "<group>"; };
		618387FF1B5896B100DADA6D /* NaturalizeMETests.xctest */ = {isa = PBXFileReference; explicitFileType = wrapper.cfbundle; includeInIndex = 0; path = NaturalizeMETests.xctest; sourceTree = BUILT_PRODUCTS_DIR; };
		618388041B5896B100DADA6D /* Info.plist */ = {isa = PBXFileReference; lastKnownFileType = text.plist.xml; path = Info.plist; sourceTree = "<group>"; };
		618388051B5896B100DADA6D /* NaturalizeMETests.m */ = {isa = PBXFileReference; lastKnownFileType = sourcecode.c.objc; path = NaturalizeMETests.m; sourceTree = "<group>"; };
		6183881B1B589A6C00DADA6D /* ScoreViewController.h */ = {isa = PBXFileReference; fileEncoding = 4; lastKnownFileType = sourcecode.c.h; path = ScoreViewController.h; sourceTree = "<group>"; };
		6183881C1B589A6C00DADA6D /* ScoreViewController.m */ = {isa = PBXFileReference; fileEncoding = 4; lastKnownFileType = sourcecode.c.objc; path = ScoreViewController.m; sourceTree = "<group>"; };
		618388211B589A8F00DADA6D /* AnswerStudyViewController.h */ = {isa = PBXFileReference; fileEncoding = 4; lastKnownFileType = sourcecode.c.h; path = AnswerStudyViewController.h; sourceTree = "<group>"; };
		618388221B589A8F00DADA6D /* AnswerStudyViewController.m */ = {isa = PBXFileReference; fileEncoding = 4; lastKnownFileType = sourcecode.c.objc; path = AnswerStudyViewController.m; sourceTree = "<group>"; };
		618388241B589AA200DADA6D /* QuestionViewController.h */ = {isa = PBXFileReference; fileEncoding = 4; lastKnownFileType = sourcecode.c.h; path = QuestionViewController.h; sourceTree = "<group>"; };
		618388251B589AA200DADA6D /* QuestionViewController.m */ = {isa = PBXFileReference; fileEncoding = 4; lastKnownFileType = sourcecode.c.objc; path = QuestionViewController.m; sourceTree = "<group>"; };
		618388271B589AB400DADA6D /* ScoreHistoryViewController.h */ = {isa = PBXFileReference; fileEncoding = 4; lastKnownFileType = sourcecode.c.h; path = ScoreHistoryViewController.h; sourceTree = "<group>"; };
		618388281B589AB400DADA6D /* ScoreHistoryViewController.m */ = {isa = PBXFileReference; fileEncoding = 4; lastKnownFileType = sourcecode.c.objc; path = ScoreHistoryViewController.m; sourceTree = "<group>"; };
		6183882A1B589D8000DADA6D /* ManualSetupViewController.h */ = {isa = PBXFileReference; fileEncoding = 4; lastKnownFileType = sourcecode.c.h; path = ManualSetupViewController.h; sourceTree = "<group>"; };
		6183882B1B589D8000DADA6D /* ManualSetupViewController.m */ = {isa = PBXFileReference; fileEncoding = 4; lastKnownFileType = sourcecode.c.objc; path = ManualSetupViewController.m; sourceTree = "<group>"; };
		618388361B589FB800DADA6D /* QuestionTemplateController.h */ = {isa = PBXFileReference; fileEncoding = 4; lastKnownFileType = sourcecode.c.h; path = QuestionTemplateController.h; sourceTree = "<group>"; };
		618388371B589FB800DADA6D /* QuestionTemplateController.m */ = {isa = PBXFileReference; fileEncoding = 4; lastKnownFileType = sourcecode.c.objc; path = QuestionTemplateController.m; sourceTree = "<group>"; };
		61A3718E1B64AB8B0088BBED /* SetupController.h */ = {isa = PBXFileReference; fileEncoding = 4; lastKnownFileType = sourcecode.c.h; path = SetupController.h; sourceTree = "<group>"; };
		61A3718F1B64AB8B0088BBED /* SetupController.m */ = {isa = PBXFileReference; fileEncoding = 4; lastKnownFileType = sourcecode.c.objc; path = SetupController.m; sourceTree = "<group>"; };
		61A371911B64B03A0088BBED /* SetupInfo.h */ = {isa = PBXFileReference; fileEncoding = 4; lastKnownFileType = sourcecode.c.h; path = SetupInfo.h; sourceTree = "<group>"; };
		61A371921B64B03A0088BBED /* SetupInfo.m */ = {isa = PBXFileReference; fileEncoding = 4; lastKnownFileType = sourcecode.c.objc; path = SetupInfo.m; sourceTree = "<group>"; };
		61AE61F71B5F381D000CC6BD /* Model.xcdatamodel */ = {isa = PBXFileReference; lastKnownFileType = wrapper.xcdatamodel; path = Model.xcdatamodel; sourceTree = "<group>"; };
		61AE61FC1B5F3C35000CC6BD /* Stack.h */ = {isa = PBXFileReference; fileEncoding = 4; lastKnownFileType = sourcecode.c.h; name = Stack.h; path = ../../NaturalizeME/NaturalizeME/Stack.h; sourceTree = "<group>"; };
		61AE61FD1B5F3C35000CC6BD /* Stack.m */ = {isa = PBXFileReference; fileEncoding = 4; lastKnownFileType = sourcecode.c.objc; name = Stack.m; path = ../../NaturalizeME/NaturalizeME/Stack.m; sourceTree = "<group>"; };
		61AE61FF1B5F3CB0000CC6BD /* ScoreController.h */ = {isa = PBXFileReference; fileEncoding = 4; lastKnownFileType = sourcecode.c.h; path = ScoreController.h; sourceTree = "<group>"; };
		61AE62001B5F3CB0000CC6BD /* ScoreController.m */ = {isa = PBXFileReference; fileEncoding = 4; lastKnownFileType = sourcecode.c.objc; path = ScoreController.m; sourceTree = "<group>"; };
		61D0C50D1B74803B00E22060 /* SetupViewController.h */ = {isa = PBXFileReference; fileEncoding = 4; lastKnownFileType = sourcecode.c.h; path = SetupViewController.h; sourceTree = "<group>"; };
		61D0C50E1B74803B00E22060 /* SetupViewController.m */ = {isa = PBXFileReference; fileEncoding = 4; lastKnownFileType = sourcecode.c.objc; path = SetupViewController.m; sourceTree = "<group>"; };
/* End PBXFileReference section */

/* Begin PBXFrameworksBuildPhase section */
		618387E01B5896B100DADA6D /* Frameworks */ = {
			isa = PBXFrameworksBuildPhase;
			buildActionMask = 2147483647;
			files = (
			);
			runOnlyForDeploymentPostprocessing = 0;
		};
		618387FC1B5896B100DADA6D /* Frameworks */ = {
			isa = PBXFrameworksBuildPhase;
			buildActionMask = 2147483647;
			files = (
			);
			runOnlyForDeploymentPostprocessing = 0;
		};
/* End PBXFrameworksBuildPhase section */

/* Begin PBXGroup section */
		618387DA1B5896B100DADA6D = {
			isa = PBXGroup;
			children = (
				618387E51B5896B100DADA6D /* NaturalizeME */,
				618388021B5896B100DADA6D /* NaturalizeMETests */,
				618387E41B5896B100DADA6D /* Products */,
			);
			sourceTree = "<group>";
		};
		618387E41B5896B100DADA6D /* Products */ = {
			isa = PBXGroup;
			children = (
				618387E31B5896B100DADA6D /* NaturalizeME.app */,
				618387FF1B5896B100DADA6D /* NaturalizeMETests.xctest */,
			);
			name = Products;
			sourceTree = "<group>";
		};
		618387E51B5896B100DADA6D /* NaturalizeME */ = {
			isa = PBXGroup;
			children = (
				6183882A1B589D8000DADA6D /* ManualSetupViewController.h */,
				6183882B1B589D8000DADA6D /* ManualSetupViewController.m */,
				61D0C50D1B74803B00E22060 /* SetupViewController.h */,
				61D0C50E1B74803B00E22060 /* SetupViewController.m */,
				618387EA1B5896B100DADA6D /* AppDelegate.h */,
				618387EB1B5896B100DADA6D /* AppDelegate.m */,
				618387ED1B5896B100DADA6D /* WelcomeViewController.h */,
				618387EE1B5896B100DADA6D /* WelcomeViewController.m */,
				618387F01B5896B100DADA6D /* StudyViewController.h */,
				618387F11B5896B100DADA6D /* StudyViewController.m */,
				618387F31B5896B100DADA6D /* Main.storyboard */,
				618388271B589AB400DADA6D /* ScoreHistoryViewController.h */,
				618388281B589AB400DADA6D /* ScoreHistoryViewController.m */,
				61831A491B6C4B2E00D2B506 /* WrongAnswerViewController.h */,
				61831A4A1B6C4B2E00D2B506 /* WrongAnswerViewController.m */,
				6183881B1B589A6C00DADA6D /* ScoreViewController.h */,
				6183881C1B589A6C00DADA6D /* ScoreViewController.m */,
				618388211B589A8F00DADA6D /* AnswerStudyViewController.h */,
				618388221B589A8F00DADA6D /* AnswerStudyViewController.m */,
				618388241B589AA200DADA6D /* QuestionViewController.h */,
				618388251B589AA200DADA6D /* QuestionViewController.m */,
				61D085251B9A82DF0033B5E6 /* Controllers */,
				618387F61B5896B100DADA6D /* Images.xcassets */,
				618387F81B5896B100DADA6D /* LaunchScreen.xib */,
				61AE61F61B5F381D000CC6BD /* Model.xcdatamodeld */,
				617851671B7D775900A3AA2B /* Question.h */,
				617851681B7D775900A3AA2B /* Question.m */,
				61831A471B6AECA900D2B506 /* flag.jpg */,
				61A371911B64B03A0088BBED /* SetupInfo.h */,
				61A371921B64B03A0088BBED /* SetupInfo.m */,
				6125424E1B69A2B000BF75A7 /* Scores.h */,
				6125424F1B69A2B000BF75A7 /* Scores.m */,
				618388361B589FB800DADA6D /* QuestionTemplateController.h */,
				618388371B589FB800DADA6D /* QuestionTemplateController.m */,
				61AE61FC1B5F3C35000CC6BD /* Stack.h */,
				61AE61FD1B5F3C35000CC6BD /* Stack.m */,
				6153F8531B76665B00F51543 /* TextLabelTableViewCell.h */,
				6153F8541B76665B00F51543 /* TextLabelTableViewCell.m */,
				618387E61B5896B100DADA6D /* Supporting Files */,
			);
			path = NaturalizeME;
			sourceTree = "<group>";
		};
		618387E61B5896B100DADA6D /* Supporting Files */ = {
			isa = PBXGroup;
			children = (
				618387E71B5896B100DADA6D /* Info.plist */,
				618387E81B5896B100DADA6D /* main.m */,
			);
			name = "Supporting Files";
			sourceTree = "<group>";
		};
		618388021B5896B100DADA6D /* NaturalizeMETests */ = {
			isa = PBXGroup;
			children = (
				618388051B5896B100DADA6D /* NaturalizeMETests.m */,
				618388031B5896B100DADA6D /* Supporting Files */,
			);
			path = NaturalizeMETests;
			sourceTree = "<group>";
		};
		618388031B5896B100DADA6D /* Supporting Files */ = {
			isa = PBXGroup;
			children = (
				618388041B5896B100DADA6D /* Info.plist */,
			);
			name = "Supporting Files";
			sourceTree = "<group>";
		};
		61D085251B9A82DF0033B5E6 /* Controllers */ = {
			isa = PBXGroup;
			children = (
				61A3718E1B64AB8B0088BBED /* SetupController.h */,
				61A3718F1B64AB8B0088BBED /* SetupController.m */,
				61831A4C1B6C922600D2B506 /* QuestionController.h */,
				61831A4D1B6C922600D2B506 /* QuestionController.m */,
				61AE61FF1B5F3CB0000CC6BD /* ScoreController.h */,
				61AE62001B5F3CB0000CC6BD /* ScoreController.m */,
			);
			name = Controllers;
			sourceTree = "<group>";
		};
/* End PBXGroup section */

/* Begin PBXNativeTarget section */
		618387E21B5896B100DADA6D /* NaturalizeME */ = {
			isa = PBXNativeTarget;
			buildConfigurationList = 618388091B5896B100DADA6D /* Build configuration list for PBXNativeTarget "NaturalizeME" */;
			buildPhases = (
				618387DF1B5896B100DADA6D /* Sources */,
				618387E01B5896B100DADA6D /* Frameworks */,
				618387E11B5896B100DADA6D /* Resources */,
			);
			buildRules = (
			);
			dependencies = (
			);
			name = NaturalizeME;
			productName = NaturalizeME;
			productReference = 618387E31B5896B100DADA6D /* NaturalizeME.app */;
			productType = "com.apple.product-type.application";
		};
		618387FE1B5896B100DADA6D /* NaturalizeMETests */ = {
			isa = PBXNativeTarget;
			buildConfigurationList = 6183880C1B5896B100DADA6D /* Build configuration list for PBXNativeTarget "NaturalizeMETests" */;
			buildPhases = (
				618387FB1B5896B100DADA6D /* Sources */,
				618387FC1B5896B100DADA6D /* Frameworks */,
				618387FD1B5896B100DADA6D /* Resources */,
			);
			buildRules = (
			);
			dependencies = (
				618388011B5896B100DADA6D /* PBXTargetDependency */,
			);
			name = NaturalizeMETests;
			productName = NaturalizeMETests;
			productReference = 618387FF1B5896B100DADA6D /* NaturalizeMETests.xctest */;
			productType = "com.apple.product-type.bundle.unit-test";
		};
/* End PBXNativeTarget section */

/* Begin PBXProject section */
		618387DB1B5896B100DADA6D /* Project object */ = {
			isa = PBXProject;
			attributes = {
				LastUpgradeCheck = 0640;
				ORGANIZATIONNAME = "JC2 Dev";
				TargetAttributes = {
					618387E21B5896B100DADA6D = {
						CreatedOnToolsVersion = 6.4;
						DevelopmentTeam = KXS2V3E85M;
					};
					618387FE1B5896B100DADA6D = {
						CreatedOnToolsVersion = 6.4;
						TestTargetID = 618387E21B5896B100DADA6D;
					};
				};
			};
			buildConfigurationList = 618387DE1B5896B100DADA6D /* Build configuration list for PBXProject "NaturalizeME" */;
			compatibilityVersion = "Xcode 3.2";
			developmentRegion = English;
			hasScannedForEncodings = 0;
			knownRegions = (
				en,
				Base,
			);
			mainGroup = 618387DA1B5896B100DADA6D;
			productRefGroup = 618387E41B5896B100DADA6D /* Products */;
			projectDirPath = "";
			projectRoot = "";
			targets = (
				618387E21B5896B100DADA6D /* NaturalizeME */,
				618387FE1B5896B100DADA6D /* NaturalizeMETests */,
			);
		};
/* End PBXProject section */

/* Begin PBXResourcesBuildPhase section */
		618387E11B5896B100DADA6D /* Resources */ = {
			isa = PBXResourcesBuildPhase;
			buildActionMask = 2147483647;
			files = (
				618387F51B5896B100DADA6D /* Main.storyboard in Resources */,
				61831A481B6AECA900D2B506 /* flag.jpg in Resources */,
				618387FA1B5896B100DADA6D /* LaunchScreen.xib in Resources */,
				618387F71B5896B100DADA6D /* Images.xcassets in Resources */,
			);
			runOnlyForDeploymentPostprocessing = 0;
		};
		618387FD1B5896B100DADA6D /* Resources */ = {
			isa = PBXResourcesBuildPhase;
			buildActionMask = 2147483647;
			files = (
			);
			runOnlyForDeploymentPostprocessing = 0;
		};
/* End PBXResourcesBuildPhase section */

/* Begin PBXSourcesBuildPhase section */
		618387DF1B5896B100DADA6D /* Sources */ = {
			isa = PBXSourcesBuildPhase;
			buildActionMask = 2147483647;
			files = (
				617851691B7D775900A3AA2B /* Question.m in Sources */,
				618388381B589FB800DADA6D /* QuestionTemplateController.m in Sources */,
				612542501B69A2B000BF75A7 /* Scores.m in Sources */,
				61AE62011B5F3CB0000CC6BD /* ScoreController.m in Sources */,
				61D0C50F1B74803B00E22060 /* SetupViewController.m in Sources */,
				618387F21B5896B100DADA6D /* StudyViewController.m in Sources */,
				61A371901B64AB8B0088BBED /* SetupController.m in Sources */,
				618387EC1B5896B100DADA6D /* AppDelegate.m in Sources */,
				6183881D1B589A6C00DADA6D /* ScoreViewController.m in Sources */,
				618387EF1B5896B100DADA6D /* WelcomeViewController.m in Sources */,
				61AE61FE1B5F3C35000CC6BD /* Stack.m in Sources */,
				618388231B589A8F00DADA6D /* AnswerStudyViewController.m in Sources */,
				6153F8551B76665B00F51543 /* TextLabelTableViewCell.m in Sources */,
				61831A4E1B6C922600D2B506 /* QuestionController.m in Sources */,
				61A371931B64B03A0088BBED /* SetupInfo.m in Sources */,
				618388291B589AB400DADA6D /* ScoreHistoryViewController.m in Sources */,
				618387E91B5896B100DADA6D /* main.m in Sources */,
				61831A4B1B6C4B2E00D2B506 /* WrongAnswerViewController.m in Sources */,
				618388261B589AA200DADA6D /* QuestionViewController.m in Sources */,
				6183882C1B589D8000DADA6D /* ManualSetupViewController.m in Sources */,
				61AE61F81B5F381D000CC6BD /* Model.xcdatamodeld in Sources */,
			);
			runOnlyForDeploymentPostprocessing = 0;
		};
		618387FB1B5896B100DADA6D /* Sources */ = {
			isa = PBXSourcesBuildPhase;
			buildActionMask = 2147483647;
			files = (
				618388061B5896B100DADA6D /* NaturalizeMETests.m in Sources */,
			);
			runOnlyForDeploymentPostprocessing = 0;
		};
/* End PBXSourcesBuildPhase section */

/* Begin PBXTargetDependency section */
		618388011B5896B100DADA6D /* PBXTargetDependency */ = {
			isa = PBXTargetDependency;
			target = 618387E21B5896B100DADA6D /* NaturalizeME */;
			targetProxy = 618388001B5896B100DADA6D /* PBXContainerItemProxy */;
		};
/* End PBXTargetDependency section */

/* Begin PBXVariantGroup section */
		618387F31B5896B100DADA6D /* Main.storyboard */ = {
			isa = PBXVariantGroup;
			children = (
				618387F41B5896B100DADA6D /* Base */,
			);
			name = Main.storyboard;
			sourceTree = "<group>";
		};
		618387F81B5896B100DADA6D /* LaunchScreen.xib */ = {
			isa = PBXVariantGroup;
			children = (
				618387F91B5896B100DADA6D /* Base */,
			);
			name = LaunchScreen.xib;
			sourceTree = "<group>";
		};
/* End PBXVariantGroup section */

/* Begin XCBuildConfiguration section */
		618388071B5896B100DADA6D /* Debug */ = {
			isa = XCBuildConfiguration;
			buildSettings = {
				ALWAYS_SEARCH_USER_PATHS = NO;
				CLANG_CXX_LANGUAGE_STANDARD = "gnu++0x";
				CLANG_CXX_LIBRARY = "libc++";
				CLANG_ENABLE_MODULES = YES;
				CLANG_ENABLE_OBJC_ARC = YES;
				CLANG_WARN_BOOL_CONVERSION = YES;
				CLANG_WARN_CONSTANT_CONVERSION = YES;
				CLANG_WARN_DIRECT_OBJC_ISA_USAGE = YES_ERROR;
				CLANG_WARN_EMPTY_BODY = YES;
				CLANG_WARN_ENUM_CONVERSION = YES;
				CLANG_WARN_INT_CONVERSION = YES;
				CLANG_WARN_OBJC_ROOT_CLASS = YES_ERROR;
				CLANG_WARN_UNREACHABLE_CODE = YES;
				CLANG_WARN__DUPLICATE_METHOD_MATCH = YES;
				"CODE_SIGN_IDENTITY[sdk=iphoneos*]" = "iPhone Developer";
				COPY_PHASE_STRIP = NO;
				DEBUG_INFORMATION_FORMAT = "dwarf-with-dsym";
				ENABLE_STRICT_OBJC_MSGSEND = YES;
				GCC_C_LANGUAGE_STANDARD = gnu99;
				GCC_DYNAMIC_NO_PIC = NO;
				GCC_NO_COMMON_BLOCKS = YES;
				GCC_OPTIMIZATION_LEVEL = 0;
				GCC_PREPROCESSOR_DEFINITIONS = (
					"DEBUG=1",
					"$(inherited)",
				);
				GCC_SYMBOLS_PRIVATE_EXTERN = NO;
				GCC_WARN_64_TO_32_BIT_CONVERSION = YES;
				GCC_WARN_ABOUT_RETURN_TYPE = YES_ERROR;
				GCC_WARN_UNDECLARED_SELECTOR = YES;
				GCC_WARN_UNINITIALIZED_AUTOS = YES_AGGRESSIVE;
				GCC_WARN_UNUSED_FUNCTION = YES;
				GCC_WARN_UNUSED_VARIABLE = YES;
				IPHONEOS_DEPLOYMENT_TARGET = 8.4;
				MTL_ENABLE_DEBUG_INFO = YES;
				ONLY_ACTIVE_ARCH = YES;
				SDKROOT = iphoneos;
				TARGETED_DEVICE_FAMILY = "1,2";
			};
			name = Debug;
		};
		618388081B5896B100DADA6D /* Release */ = {
			isa = XCBuildConfiguration;
			buildSettings = {
				ALWAYS_SEARCH_USER_PATHS = NO;
				CLANG_CXX_LANGUAGE_STANDARD = "gnu++0x";
				CLANG_CXX_LIBRARY = "libc++";
				CLANG_ENABLE_MODULES = YES;
				CLANG_ENABLE_OBJC_ARC = YES;
				CLANG_WARN_BOOL_CONVERSION = YES;
				CLANG_WARN_CONSTANT_CONVERSION = YES;
				CLANG_WARN_DIRECT_OBJC_ISA_USAGE = YES_ERROR;
				CLANG_WARN_EMPTY_BODY = YES;
				CLANG_WARN_ENUM_CONVERSION = YES;
				CLANG_WARN_INT_CONVERSION = YES;
				CLANG_WARN_OBJC_ROOT_CLASS = YES_ERROR;
				CLANG_WARN_UNREACHABLE_CODE = YES;
				CLANG_WARN__DUPLICATE_METHOD_MATCH = YES;
				"CODE_SIGN_IDENTITY[sdk=iphoneos*]" = "iPhone Developer";
				COPY_PHASE_STRIP = NO;
				DEBUG_INFORMATION_FORMAT = "dwarf-with-dsym";
				ENABLE_NS_ASSERTIONS = NO;
				ENABLE_STRICT_OBJC_MSGSEND = YES;
				GCC_C_LANGUAGE_STANDARD = gnu99;
				GCC_NO_COMMON_BLOCKS = YES;
				GCC_WARN_64_TO_32_BIT_CONVERSION = YES;
				GCC_WARN_ABOUT_RETURN_TYPE = YES_ERROR;
				GCC_WARN_UNDECLARED_SELECTOR = YES;
				GCC_WARN_UNINITIALIZED_AUTOS = YES_AGGRESSIVE;
				GCC_WARN_UNUSED_FUNCTION = YES;
				GCC_WARN_UNUSED_VARIABLE = YES;
				IPHONEOS_DEPLOYMENT_TARGET = 8.4;
				MTL_ENABLE_DEBUG_INFO = NO;
				SDKROOT = iphoneos;
				TARGETED_DEVICE_FAMILY = "1,2";
				VALIDATE_PRODUCT = YES;
			};
			name = Release;
		};
		6183880A1B5896B100DADA6D /* Debug */ = {
			isa = XCBuildConfiguration;
			buildSettings = {
				ASSETCATALOG_COMPILER_APPICON_NAME = AppIcon;
				CODE_SIGN_IDENTITY = "iPhone Developer";
				INFOPLIST_FILE = NaturalizeME/Info.plist;
				LD_RUNPATH_SEARCH_PATHS = "$(inherited) @executable_path/Frameworks";
				PRODUCT_NAME = "$(TARGET_NAME)";
			};
			name = Debug;
		};
		6183880B1B5896B100DADA6D /* Release */ = {
			isa = XCBuildConfiguration;
			buildSettings = {
				ASSETCATALOG_COMPILER_APPICON_NAME = AppIcon;
				CODE_SIGN_IDENTITY = "iPhone Developer";
				INFOPLIST_FILE = NaturalizeME/Info.plist;
				LD_RUNPATH_SEARCH_PATHS = "$(inherited) @executable_path/Frameworks";
				PRODUCT_NAME = "$(TARGET_NAME)";
			};
			name = Release;
		};
		6183880D1B5896B100DADA6D /* Debug */ = {
			isa = XCBuildConfiguration;
			buildSettings = {
				BUNDLE_LOADER = "$(TEST_HOST)";
				FRAMEWORK_SEARCH_PATHS = (
					"$(SDKROOT)/Developer/Library/Frameworks",
					"$(inherited)",
				);
				GCC_PREPROCESSOR_DEFINITIONS = (
					"DEBUG=1",
					"$(inherited)",
				);
				INFOPLIST_FILE = NaturalizeMETests/Info.plist;
				LD_RUNPATH_SEARCH_PATHS = "$(inherited) @executable_path/Frameworks @loader_path/Frameworks";
				PRODUCT_NAME = "$(TARGET_NAME)";
				TEST_HOST = "$(BUILT_PRODUCTS_DIR)/NaturalizeME.app/NaturalizeME";
			};
			name = Debug;
		};
		6183880E1B5896B100DADA6D /* Release */ = {
			isa = XCBuildConfiguration;
			buildSettings = {
				BUNDLE_LOADER = "$(TEST_HOST)";
				FRAMEWORK_SEARCH_PATHS = (
					"$(SDKROOT)/Developer/Library/Frameworks",
					"$(inherited)",
				);
				INFOPLIST_FILE = NaturalizeMETests/Info.plist;
				LD_RUNPATH_SEARCH_PATHS = "$(inherited) @executable_path/Frameworks @loader_path/Frameworks";
				PRODUCT_NAME = "$(TARGET_NAME)";
				TEST_HOST = "$(BUILT_PRODUCTS_DIR)/NaturalizeME.app/NaturalizeME";
			};
			name = Release;
		};
/* End XCBuildConfiguration section */

/* Begin XCConfigurationList section */
		618387DE1B5896B100DADA6D /* Build configuration list for PBXProject "NaturalizeME" */ = {
			isa = XCConfigurationList;
			buildConfigurations = (
				618388071B5896B100DADA6D /* Debug */,
				618388081B5896B100DADA6D /* Release */,
			);
			defaultConfigurationIsVisible = 0;
			defaultConfigurationName = Release;
		};
		618388091B5896B100DADA6D /* Build configuration list for PBXNativeTarget "NaturalizeME" */ = {
			isa = XCConfigurationList;
			buildConfigurations = (
				6183880A1B5896B100DADA6D /* Debug */,
				6183880B1B5896B100DADA6D /* Release */,
			);
			defaultConfigurationIsVisible = 0;
			defaultConfigurationName = Release;
		};
		6183880C1B5896B100DADA6D /* Build configuration list for PBXNativeTarget "NaturalizeMETests" */ = {
			isa = XCConfigurationList;
			buildConfigurations = (
				6183880D1B5896B100DADA6D /* Debug */,
				6183880E1B5896B100DADA6D /* Release */,
			);
			defaultConfigurationIsVisible = 0;
			defaultConfigurationName = Release;
		};
/* End XCConfigurationList section */

/* Begin XCVersionGroup section */
		61AE61F61B5F381D000CC6BD /* Model.xcdatamodeld */ = {
			isa = XCVersionGroup;
			children = (
				61AE61F71B5F381D000CC6BD /* Model.xcdatamodel */,
			);
			currentVersion = 61AE61F71B5F381D000CC6BD /* Model.xcdatamodel */;
			name = Model.xcdatamodeld;
			path = ../../NaturalizeME/NaturalizeME/Model.xcdatamodeld;
			sourceTree = "<group>";
			versionGroupType = wrapper.xcdatamodel;
		};
/* End XCVersionGroup section */
	};
	rootObject = 618387DB1B5896B100DADA6D /* Project object */;
}
